{
  "nodes": {
    "flake-parts": {
      "inputs": {
        "nixpkgs-lib": "nixpkgs-lib"
      },
      "locked": {
        "lastModified": 1759362264,
        "narHash": "sha256-wfG0S7pltlYyZTM+qqlhJ7GMw2fTF4mLKCIVhLii/4M=",
        "owner": "hercules-ci",
        "repo": "flake-parts",
        "rev": "758cf7296bee11f1706a574c77d072b8a7baa881",
        "type": "github"
      },
      "original": {
        "owner": "hercules-ci",
        "repo": "flake-parts",
        "type": "github"
      }
    },
    "flake-utils": {
      "inputs": {
        "systems": "systems"
      },
      "locked": {
        "lastModified": 1731533236,
        "narHash": "sha256-l0KFg5HjrsfsO/JpG+r7fRrqm12kzFHyUHqHCVpMMbI=",
        "owner": "numtide",
        "repo": "flake-utils",
        "rev": "11707dc2f618dd54ca8739b309ec4fc024de578b",
        "type": "github"
      },
      "original": {
        "owner": "numtide",
        "repo": "flake-utils",
        "type": "github"
      }
    },
    "gazelle": {
      "inputs": {
        "flake-utils": "flake-utils",
        "nixpkgs": "nixpkgs"
      },
      "locked": {
        "lastModified": 1771773133,
        "narHash": "sha256-SFONyN6cM55pDmGXMgpSB9+OMe5toc12LrABTg2LN3M=",
        "owner": "Zeus-Deus",
        "repo": "gazelle-tui",
        "rev": "eb532a8f33fe7898bab9ea4487b98f072f1c9335",
        "type": "github"
      },
      "original": {
        "owner": "Zeus-Deus",
        "repo": "gazelle-tui",
        "type": "github"
      }
    },
    "haumea": {
      "inputs": {
        "nixpkgs": [
          "kukenan",
          "nixpkgs"
        ]
      },
      "locked": {
        "lastModified": 1771957919,
        "narHash": "sha256-mTZj/qntKYRTQk/p2lYQkRhuNPuRU1AjSScRRBnNuok=",
        "owner": "nix-community",
        "repo": "haumea",
        "rev": "6006638de0f991dc33d0590819f58d09bec27379",
        "type": "github"
      },
      "original": {
        "owner": "nix-community",
        "repo": "haumea",
        "type": "github"
      }
    },
    "haumea_2": {
      "inputs": {
        "nixpkgs": [
          "kukenan",
          "neovim-nix-utils",
          "nixpkgs"
        ]
      },
      "locked": {
        "lastModified": 1708375098,
        "narHash": "sha256-DaFJp3wDHgOqx98U0SF57bXaH2Orp106c+jSdPCVu1E=",
        "owner": "nix-community",
        "repo": "haumea",
        "rev": "ec6350fd9353e7f27ce0e85d31f82e3ed73e4d70",
        "type": "github"
      },
      "original": {
        "owner": "nix-community",
        "repo": "haumea",
        "type": "github"
      }
    },
    "home-manager": {
      "inputs": {
        "nixpkgs": "nixpkgs_2"
      },
      "locked": {
        "lastModified": 1774274588,
        "narHash": "sha256-dnHvv5EMUgTzGZmA+3diYjQU2O6BEpGLEOgJ1Qe9LaY=",
        "owner": "nix-community",
        "repo": "home-manager",
        "rev": "cf9686ba26f5ef788226843bc31fda4cf72e373b",
        "type": "github"
      },
      "original": {
        "owner": "nix-community",
        "ref": "release-25.11",
        "repo": "home-manager",
        "type": "github"
      }
    },
    "kukenan": {
      "inputs": {
        "haumea": "haumea",
        "neovim-nix-utils": "neovim-nix-utils",
        "nixpkgs": "nixpkgs_3",
        "utils": "utils_2"
      },
      "locked": {
        "lastModified": 1774453118,
        "narHash": "sha256-xKusvUsbkWt9aOXVV7EWgF48HiHEfLjR065hsyZndxY=",
        "owner": "juanalbarran",
        "repo": "neovim",
        "rev": "d63879b66c3ec0e2bf6c176bf21959df04412917",
        "type": "github"
      },
      "original": {
        "owner": "juanalbarran",
        "ref": "main",
        "repo": "neovim",
        "type": "github"
      }
    },
    "neovim-nix-utils": {
      "inputs": {
        "haumea": "haumea_2",
        "nixpkgs": [
          "kukenan",
          "nixpkgs"
        ],
        "utils": "utils"
      },
      "locked": {
        "lastModified": 1761830517,
        "narHash": "sha256-Yb/8r/yMvTfeUy9pH3bIWtCWxRA6y++zHgJJ+wIJsiE=",
        "owner": "PrimaMateria",
        "repo": "neovim-nix-utils",
        "rev": "d9786fc73e5650260661072c544810976c4858ba",
        "type": "github"
      },
      "original": {
        "owner": "PrimaMateria",
        "repo": "neovim-nix-utils",
        "type": "github"
      }
    },
    "nixpkgs": {
      "locked": {
        "lastModified": 1762363567,
        "narHash": "sha256-YRqMDEtSMbitIMj+JLpheSz0pwEr0Rmy5mC7myl17xs=",
        "owner": "NixOS",
        "repo": "nixpkgs",
        "rev": "ae814fd3904b621d8ab97418f1d0f2eb0d3716f4",
        "type": "github"
      },
      "original": {
        "owner": "NixOS",
        "ref": "nixos-unstable",
        "repo": "nixpkgs",
        "type": "github"
      }
    },
    "nixpkgs-lib": {
      "locked": {
        "lastModified": 1754788789,
        "narHash": "sha256-x2rJ+Ovzq0sCMpgfgGaaqgBSwY+LST+WbZ6TytnT9Rk=",
        "owner": "nix-community",
        "repo": "nixpkgs.lib",
        "rev": "a73b9c743612e4244d865a2fdee11865283c04e6",
        "type": "github"
      },
      "original": {
        "owner": "nix-community",
        "repo": "nixpkgs.lib",
        "type": "github"
      }
    },
    "nixpkgs-unstable": {
      "locked": {
        "lastModified": 1774106199,
        "narHash": "sha256-US5Tda2sKmjrg2lNHQL3jRQ6p96cgfWh3J1QBliQ8Ws=",
        "owner": "NixOS",
        "repo": "nixpkgs",
        "rev": "6c9a78c09ff4d6c21d0319114873508a6ec01655",
        "type": "github"
      },
      "original": {
        "owner": "NixOS",
        "ref": "nixos-unstable",
        "repo": "nixpkgs",
        "type": "github"
      }
    },
    "nixpkgs_2": {
      "locked": {
        "lastModified": 1773964973,
        "narHash": "sha256-NV/J+tTER0P5iJhUDL/8HO5MDjDceLQPRUYgdmy5wXw=",
        "owner": "NixOS",
        "repo": "nixpkgs",
        "rev": "812b3986fd1568f7a858f97fcf425ad996ba7d25",
        "type": "github"
      },
      "original": {
        "owner": "NixOS",
        "ref": "nixos-25.11",
        "repo": "nixpkgs",
        "type": "github"
      }
    },
    "nixpkgs_3": {
      "locked": {
        "lastModified": 1774106199,
        "narHash": "sha256-US5Tda2sKmjrg2lNHQL3jRQ6p96cgfWh3J1QBliQ8Ws=",
        "owner": "nixos",
        "repo": "nixpkgs",
        "rev": "6c9a78c09ff4d6c21d0319114873508a6ec01655",
        "type": "github"
      },
      "original": {
        "owner": "nixos",
        "ref": "nixos-unstable",
        "repo": "nixpkgs",
        "type": "github"
      }
    },
    "nixpkgs_4": {
      "locked": {
        "lastModified": 1774244481,
        "narHash": "sha256-4XfMXU0DjN83o6HWZoKG9PegCvKvIhNUnRUI19vzTcQ=",
        "owner": "NixOS",
        "repo": "nixpkgs",
        "rev": "4590696c8693fea477850fe379a01544293ca4e2",
        "type": "github"
      },
      "original": {
        "owner": "NixOS",
        "ref": "nixos-25.11",
        "repo": "nixpkgs",
        "type": "github"
      }
    },
    "nixpkgs_5": {
      "locked": {
        "lastModified": 1759934962,
        "narHash": "sha256-ubekSVvkBmu3CSlq4F/LJC3BnoX1jYZNOOsbdb2VxHk=",
        "owner": "NixOS",
        "repo": "nixpkgs",
        "rev": "066cda0353fc0b3619acebc549aa4453a7ddade1",
        "type": "github"
      },
      "original": {
        "owner": "NixOS",
        "repo": "nixpkgs",
        "type": "github"
      }
    },
    "root": {
      "inputs": {
        "gazelle": "gazelle",
        "home-manager": "home-manager",
        "kukenan": "kukenan",
        "nixpkgs": "nixpkgs_4",
        "nixpkgs-unstable": "nixpkgs-unstable",
        "secrets": "secrets",
        "sfdx-nix": "sfdx-nix",
        "sops-nix": "sops-nix"
      }
    },
    "secrets": {
      "flake": false,
      "locked": {
        "lastModified": 1772114350,
        "narHash": "sha256-YQvQyIaNdkoRNRlXkd6wa9jcYkFSL05Dy5FJpRBUDJY=",
        "ref": "refs/heads/main",
        "rev": "162530b3f1d73ed1539e2de68f42dedca1b7eb58",
        "revCount": 20,
        "type": "git",
        "url": "ssh://git@github.com/juanalbarran/fortin-de-la-galera.git"
      },
      "original": {
        "type": "git",
        "url": "ssh://git@github.com/juanalbarran/fortin-de-la-galera.git"
      }
    },
    "sfdx-nix": {
      "inputs": {
        "flake-parts": "flake-parts",
        "nixpkgs": "nixpkgs_5"
      },
      "locked": {
        "lastModified": 1774292725,
        "narHash": "sha256-B7t+siawkKPxpuwb8lseB6zzSEtyDf+0RVcXgrYyGmc=",
        "owner": "rfaulhaber",
        "repo": "sfdx-nix",
        "rev": "8f3d3c578bad6fae7f81e8e2f7316b339b47c42d",
        "type": "github"
      },
      "original": {
        "owner": "rfaulhaber",
        "repo": "sfdx-nix",
        "type": "github"
      }
    },
    "sops-nix": {
      "inputs": {
        "nixpkgs": [
          "nixpkgs"
        ]
      },
      "locked": {
        "lastModified": 1774303811,
        "narHash": "sha256-fhG4JAcLgjKwt+XHbjs8brpWnyKUfU4LikLm3s0Q/ic=",
        "owner": "mic92",
        "repo": "sops-nix",
        "rev": "614e256310e0a4f8a9ccae3fa80c11844fba7042",
        "type": "github"
      },
      "original": {
        "owner": "mic92",
        "repo": "sops-nix",
        "type": "github"
      }
    },
    "systems": {
      "locked": {
        "lastModified": 1681028828,
        "narHash": "sha256-Vy1rq5AaRuLzOxct8nz4T6wlgyUR7zLU309k9mBC768=",
        "owner": "nix-systems",
        "repo": "default",
        "rev": "da67096a3b9bf56a91d16901293e51ba5b49a27e",
        "type": "github"
      },
      "original": {
        "owner": "nix-systems",
        "repo": "default",
        "type": "github"
      }
    },
    "systems_2": {
      "locked": {
        "lastModified": 1681028828,
        "narHash": "sha256-Vy1rq5AaRuLzOxct8nz4T6wlgyUR7zLU309k9mBC768=",
        "owner": "nix-systems",
        "repo": "default",
        "rev": "da67096a3b9bf56a91d16901293e51ba5b49a27e",
        "type": "github"
      },
      "original": {
        "owner": "nix-systems",
        "repo": "default",
        "type": "github"
      }
    },
    "systems_3": {
      "locked": {
        "lastModified": 1681028828,
        "narHash": "sha256-Vy1rq5AaRuLzOxct8nz4T6wlgyUR7zLU309k9mBC768=",
        "owner": "nix-systems",
        "repo": "default",
        "rev": "da67096a3b9bf56a91d16901293e51ba5b49a27e",
        "type": "github"
      },
      "original": {
        "owner": "nix-systems",
        "repo": "default",
        "type": "github"
      }
    },
    "utils": {
      "inputs": {
        "systems": "systems_2"
      },
      "locked": {
        "lastModified": 1731533236,
        "narHash": "sha256-l0KFg5HjrsfsO/JpG+r7fRrqm12kzFHyUHqHCVpMMbI=",
        "owner": "numtide",
        "repo": "flake-utils",
        "rev": "11707dc2f618dd54ca8739b309ec4fc024de578b",
        "type": "github"
      },
      "original": {
        "owner": "numtide",
        "repo": "flake-utils",
        "type": "github"
      }
    },
    "utils_2": {
      "inputs": {
        "systems": "systems_3"
      },
      "locked": {
        "lastModified": 1731533236,
        "narHash": "sha256-l0KFg5HjrsfsO/JpG+r7fRrqm12kzFHyUHqHCVpMMbI=",
        "owner": "numtide",
        "repo": "flake-utils",
        "rev": "11707dc2f618dd54ca8739b309ec4fc024de578b",
        "type": "github"
      },
      "original": {
        "owner": "numtide",
        "repo": "flake-utils",
        "type": "github"
      }
    }
  },
  "root": "root",
  "version": 7
}
